{
  "version": 4,
  "terraform_version": "1.0.3",
  "serial": 10,
  "lineage": "0dfe534f-c672-c869-d75c-f8966474bb8a",
  "outputs": {},
  "resources": [
    {
      "mode": "managed",
      "type": "azurerm_app_service",
      "name": "frontwebapp",
      "provider": "provider[\"registry.terraform.io/hashicorp/azurerm\"]",
      "instances": [
        {
          "schema_version": 0,
          "attributes": {
            "app_service_plan_id": "/subscriptions/567aa17a-a461-416e-b5b6-eb1579ca7bf2/resourceGroups/rgMyFirstTerraform/providers/Microsoft.Web/serverfarms/frontWebAppServicePlan",
            "app_settings": {
              "WEBSITE_NODE_DEFAULT_VERSION": "6.9.1"
            },
            "auth_settings": [
              {
                "active_directory": [],
                "additional_login_params": {},
                "allowed_external_redirect_urls": [],
                "default_provider": "",
                "enabled": false,
                "facebook": [],
                "google": [],
                "issuer": "",
                "microsoft": [],
                "runtime_version": "",
                "token_refresh_extension_hours": 0,
                "token_store_enabled": false,
                "twitter": [],
                "unauthenticated_client_action": ""
              }
            ],
            "backup": [],
            "client_affinity_enabled": false,
            "client_cert_enabled": false,
            "connection_string": [],
            "custom_domain_verification_id": "5DFBEE8037683DB9B28B2D6C068D80B8E44AA983214D5336A788DD611EE43897",
            "default_site_hostname": "rgmyfirstterraformdotnetwebapp.azurewebsites.net",
            "enabled": true,
            "https_only": false,
            "id": "/subscriptions/567aa17a-a461-416e-b5b6-eb1579ca7bf2/resourceGroups/rgMyFirstTerraform/providers/Microsoft.Web/sites/rgMyFirstTerraformDotNetWebApp",
            "identity": [],
            "location": "westus2",
            "logs": [
              {
                "application_logs": [
                  {
                    "azure_blob_storage": [],
                    "file_system_level": "Off"
                  }
                ],
                "detailed_error_messages_enabled": false,
                "failed_request_tracing_enabled": false,
                "http_logs": [
                  {
                    "azure_blob_storage": [],
                    "file_system": []
                  }
                ]
              }
            ],
            "name": "rgMyFirstTerraformDotNetWebApp",
            "outbound_ip_address_list": [
              "40.64.85.211",
              "40.64.86.21",
              "40.64.86.27",
              "40.64.83.186",
              "40.64.86.28",
              "40.64.81.27",
              "20.42.128.105"
            ],
            "outbound_ip_addresses": "40.64.85.211,40.64.86.21,40.64.86.27,40.64.83.186,40.64.86.28,40.64.81.27,20.42.128.105",
            "possible_outbound_ip_address_list": [
              "40.64.85.211",
              "40.64.86.21",
              "40.64.86.27",
              "40.64.83.186",
              "40.64.86.28",
              "40.64.81.27",
              "40.64.81.114",
              "40.64.86.33",
              "40.64.86.57",
              "40.64.82.177",
              "40.64.86.77",
              "40.64.86.81",
              "40.64.86.85",
              "40.64.86.97",
              "40.64.86.186",
              "40.64.86.206",
              "40.64.86.238",
              "40.64.86.243",
              "40.64.86.253",
              "40.64.87.5",
              "40.64.87.43",
              "40.64.87.97",
              "20.51.88.32",
              "20.51.88.122",
              "20.51.88.132",
              "20.51.88.140",
              "20.51.88.148",
              "40.64.84.7",
              "20.51.88.166",
              "20.51.88.168",
              "20.42.128.105"
            ],
            "possible_outbound_ip_addresses": "40.64.85.211,40.64.86.21,40.64.86.27,40.64.83.186,40.64.86.28,40.64.81.27,40.64.81.114,40.64.86.33,40.64.86.57,40.64.82.177,40.64.86.77,40.64.86.81,40.64.86.85,40.64.86.97,40.64.86.186,40.64.86.206,40.64.86.238,40.64.86.243,40.64.86.253,40.64.87.5,40.64.87.43,40.64.87.97,20.51.88.32,20.51.88.122,20.51.88.132,20.51.88.140,20.51.88.148,40.64.84.7,20.51.88.166,20.51.88.168,20.42.128.105",
            "resource_group_name": "rgMyFirstTerraform",
            "site_config": [
              {
                "always_on": false,
                "app_command_line": "",
                "auto_swap_slot_name": "",
                "cors": [],
                "default_documents": [
                  "Default.htm",
                  "Default.html",
                  "Default.asp",
                  "index.htm",
                  "index.html",
                  "iisstart.htm",
                  "default.aspx",
                  "index.php",
                  "hostingstart.html"
                ],
                "dotnet_framework_version": "v4.0",
                "ftps_state": "AllAllowed",
                "health_check_path": "",
                "http2_enabled": false,
                "ip_restriction": [],
                "java_container": "",
                "java_container_version": "",
                "java_version": "",
                "linux_fx_version": "",
                "local_mysql_enabled": false,
                "managed_pipeline_mode": "Integrated",
                "min_tls_version": "1.2",
                "number_of_workers": 1,
                "php_version": "5.6",
                "python_version": "",
                "remote_debugging_enabled": false,
                "remote_debugging_version": "",
                "scm_ip_restriction": [],
                "scm_type": "None",
                "scm_use_main_ip_restriction": false,
                "use_32_bit_worker_process": true,
                "websockets_enabled": false,
                "windows_fx_version": ""
              }
            ],
            "site_credential": [
              {
                "password": "xgrbQehlfXvpsDJBD0g0eYkY6u1NsWXrTgicYMTtuaultm5uAkfanJW6bDxT",
                "username": "$rgMyFirstTerraformDotNetWebApp"
              }
            ],
            "source_control": [
              {
                "branch": "master",
                "manual_integration": false,
                "repo_url": "",
                "rollback_enabled": false,
                "use_mercurial": false
              }
            ],
            "storage_account": [],
            "tags": null,
            "timeouts": null
          },
          "sensitive_attributes": [],
          "private": "eyJlMmJmYjczMC1lY2FhLTExZTYtOGY4OC0zNDM2M2JjN2M0YzAiOnsiY3JlYXRlIjoxODAwMDAwMDAwMDAwLCJkZWxldGUiOjE4MDAwMDAwMDAwMDAsInJlYWQiOjMwMDAwMDAwMDAwMCwidXBkYXRlIjoxODAwMDAwMDAwMDAwfX0=",
          "dependencies": [
            "azurerm_app_service_plan.frontWebAppServicePlan",
            "azurerm_resource_group.rg"
          ]
        }
      ]
    },
    {
      "mode": "managed",
      "type": "azurerm_app_service_plan",
      "name": "frontWebAppServicePlan",
      "provider": "provider[\"registry.terraform.io/hashicorp/azurerm\"]",
      "instances": [
        {
          "schema_version": 0,
          "attributes": {
            "app_service_environment_id": "",
            "id": "/subscriptions/567aa17a-a461-416e-b5b6-eb1579ca7bf2/resourceGroups/rgMyFirstTerraform/providers/Microsoft.Web/serverfarms/frontWebAppServicePlan",
            "is_xenon": false,
            "kind": "Windows",
            "location": "westus2",
            "maximum_elastic_worker_count": 1,
            "maximum_number_of_workers": 1,
            "name": "frontWebAppServicePlan",
            "per_site_scaling": false,
            "reserved": false,
            "resource_group_name": "rgMyFirstTerraform",
            "sku": [
              {
                "capacity": 0,
                "size": "F1",
                "tier": "Free"
              }
            ],
            "tags": null,
            "timeouts": null
          },
          "sensitive_attributes": [],
          "private": "eyJlMmJmYjczMC1lY2FhLTExZTYtOGY4OC0zNDM2M2JjN2M0YzAiOnsiY3JlYXRlIjozNjAwMDAwMDAwMDAwLCJkZWxldGUiOjM2MDAwMDAwMDAwMDAsInJlYWQiOjMwMDAwMDAwMDAwMCwidXBkYXRlIjozNjAwMDAwMDAwMDAwfX0=",
          "dependencies": [
            "azurerm_resource_group.rg"
          ]
        }
      ]
    },
    {
      "mode": "managed",
      "type": "azurerm_resource_group",
      "name": "rg",
      "provider": "provider[\"registry.terraform.io/hashicorp/azurerm\"]",
      "instances": [
        {
          "schema_version": 0,
          "attributes": {
            "id": "/subscriptions/567aa17a-a461-416e-b5b6-eb1579ca7bf2/resourceGroups/rgMyFirstTerraform",
            "location": "westus2",
            "name": "rgMyFirstTerraform",
            "tags": {
              "Environment": "Terraform Demo"
            },
            "timeouts": null
          },
          "sensitive_attributes": [],
          "private": "eyJlMmJmYjczMC1lY2FhLTExZTYtOGY4OC0zNDM2M2JjN2M0YzAiOnsiY3JlYXRlIjo1NDAwMDAwMDAwMDAwLCJkZWxldGUiOjU0MDAwMDAwMDAwMDAsInJlYWQiOjMwMDAwMDAwMDAwMCwidXBkYXRlIjo1NDAwMDAwMDAwMDAwfX0="
        }
      ]
    }
  ]
}
