{
  "version": 4,
  "terraform_version": "1.0.3",
  "serial": 1,
  "lineage": "dd8dad77-59a8-8890-641e-0a732e496e64",
  "outputs": {},
  "resources": [
    {
      "mode": "managed",
      "type": "azurerm_resource_group",
      "name": "rg",
      "provider": "provider[\"registry.terraform.io/hashicorp/azurerm\"]",
      "instances": [
        {
          "schema_version": 0,
          "attributes": {
            "id": "/subscriptions/567aa17a-a461-416e-b5b6-eb1579ca7bf2/resourceGroups/rg-MyFirstTerraform",
            "location": "westus2",
            "name": "rg-MyFirstTerraform",
            "tags": {
              "Environment": "Terraform Demo"
            },
            "timeouts": null
          },
          "sensitive_attributes": [],
          "private": "eyJlMmJmYjczMC1lY2FhLTExZTYtOGY4OC0zNDM2M2JjN2M0YzAiOnsiY3JlYXRlIjo1NDAwMDAwMDAwMDAwLCJkZWxldGUiOjU0MDAwMDAwMDAwMDAsInJlYWQiOjMwMDAwMDAwMDAwMCwidXBkYXRlIjo1NDAwMDAwMDAwMDAwfX0="
        }
      ]
    }
  ]
}
